
Microsoft Visual Studio Solution File, Format Version 12.00
# Visual Studio Version 16
VisualStudioVersion = 16.0.29709.97
MinimumVisualStudioVersion = 10.0.40219.1
Project("{9A19103F-16F7-4668-BE54-9A1E7A4F7556}") = "knockKnock.API", "knockKnock.API\knockKnock.API.csproj", "{4C31A3E5-FBAC-4E36-9D86-829B72166C45}"
EndProject
Project("{FAE04EC0-301F-11D3-BF4B-00C04F79EFBC}") = "KnockKnock.Tests", "KnockKnock.Tests\KnockKnock.Tests.csproj", "{3261547D-ACCF-436D-931B-BB2E3B1FD065}"
EndProject
Global
	GlobalSection(SolutionConfigurationPlatforms) = preSolution
		Debug|Any CPU = Debug|Any CPU
		Release|Any CPU = Release|Any CPU
	EndGlobalSection
	GlobalSection(ProjectConfigurationPlatforms) = postSolution
		{4C31A3E5-FBAC-4E36-9D86-829B72166C45}.Debug|Any CPU.ActiveCfg = Debug|Any CPU
		{4C31A3E5-FBAC-4E36-9D86-829B72166C45}.Debug|Any CPU.Build.0 = Debug|Any CPU
		{4C31A3E5-FBAC-4E36-9D86-829B72166C45}.Release|Any CPU.ActiveCfg = Release|Any CPU
		{4C31A3E5-FBAC-4E36-9D86-829B72166C45}.Release|Any CPU.Build.0 = Release|Any CPU
		{3261547D-ACCF-436D-931B-BB2E3B1FD065}.Debug|Any CPU.ActiveCfg = Debug|Any CPU
		{3261547D-ACCF-436D-931B-BB2E3B1FD065}.Debug|Any CPU.Build.0 = Debug|Any CPU
		{3261547D-ACCF-436D-931B-BB2E3B1FD065}.Release|Any CPU.ActiveCfg = Release|Any CPU
		{3261547D-ACCF-436D-931B-BB2E3B1FD065}.Release|Any CPU.Build.0 = Release|Any CPU
	EndGlobalSection
	GlobalSection(SolutionProperties) = preSolution
		HideSolutionNode = FALSE
	EndGlobalSection
	GlobalSection(ExtensibilityGlobals) = postSolution
		SolutionGuid = {97E0FBF8-AE7F-4101-B59A-3F3989BF1E39}
	EndGlobalSection
EndGlobal
